
Microsoft Visual Studio Solution File, Format Version 12.00
# Visual Studio 2013
VisualStudioVersion = 12.0.40121.0
MinimumVisualStudioVersion = 10.0.40219.1
Project("{FAE04EC0-301F-11D3-BF4B-00C04F79EFBC}") = "Medley.UI", "MedleyPharmaceuticals\Medley.UI.csproj", "{2C963374-92BF-4C61-87D9-05FD8EC5BF8B}"
EndProject
Project("{FAE04EC0-301F-11D3-BF4B-00C04F79EFBC}") = "Medley.Core", "Medley.Core\Medley.Core.csproj", "{A7A35D27-F1C0-454B-A29A-0607593C332B}"
EndProject
Project("{FAE04EC0-301F-11D3-BF4B-00C04F79EFBC}") = "Medley.DAL", "Medley.Infrastructure\Medley.DAL.csproj", "{D8B38EBE-9E16-43E3-9C1E-877CC649FE28}"
EndProject
Global
	GlobalSection(SolutionConfigurationPlatforms) = preSolution
		Debug|Any CPU = Debug|Any CPU
		Release|Any CPU = Release|Any CPU
	EndGlobalSection
	GlobalSection(ProjectConfigurationPlatforms) = postSolution
		{2C963374-92BF-4C61-87D9-05FD8EC5BF8B}.Debug|Any CPU.ActiveCfg = Debug|Any CPU
		{2C963374-92BF-4C61-87D9-05FD8EC5BF8B}.Debug|Any CPU.Build.0 = Debug|Any CPU
		{2C963374-92BF-4C61-87D9-05FD8EC5BF8B}.Release|Any CPU.ActiveCfg = Release|Any CPU
		{2C963374-92BF-4C61-87D9-05FD8EC5BF8B}.Release|Any CPU.Build.0 = Release|Any CPU
		{A7A35D27-F1C0-454B-A29A-0607593C332B}.Debug|Any CPU.ActiveCfg = Debug|Any CPU
		{A7A35D27-F1C0-454B-A29A-0607593C332B}.Debug|Any CPU.Build.0 = Debug|Any CPU
		{A7A35D27-F1C0-454B-A29A-0607593C332B}.Release|Any CPU.ActiveCfg = Release|Any CPU
		{A7A35D27-F1C0-454B-A29A-0607593C332B}.Release|Any CPU.Build.0 = Release|Any CPU
		{D8B38EBE-9E16-43E3-9C1E-877CC649FE28}.Debug|Any CPU.ActiveCfg = Debug|Any CPU
		{D8B38EBE-9E16-43E3-9C1E-877CC649FE28}.Debug|Any CPU.Build.0 = Debug|Any CPU
		{D8B38EBE-9E16-43E3-9C1E-877CC649FE28}.Release|Any CPU.ActiveCfg = Release|Any CPU
		{D8B38EBE-9E16-43E3-9C1E-877CC649FE28}.Release|Any CPU.Build.0 = Release|Any CPU
	EndGlobalSection
	GlobalSection(SolutionProperties) = preSolution
		HideSolutionNode = FALSE
	EndGlobalSection
EndGlobal
